
Microsoft Visual Studio Solution File, Format Version 11.00
# Visual Studio 2010
Project("{FAE04EC0-301F-11D3-BF4B-00C04F79EFBC}") = "DONT BECOME THE SCARECROW", "Assembly-CSharp-firstpass.csproj", "{812DD99E-5EF4-7501-16FF-62D59B69DBBB}"
EndProject
Project("{FAE04EC0-301F-11D3-BF4B-00C04F79EFBC}") = "DONT BECOME THE SCARECROW", "Assembly-CSharp.csproj", "{04C74560-7EAA-E9BA-2A78-56BFDE59975D}"
EndProject
Project("{FAE04EC0-301F-11D3-BF4B-00C04F79EFBC}") = "DONT BECOME THE SCARECROW", "Assembly-CSharp-Editor-firstpass.csproj", "{4A116490-F567-69AC-1378-4E6704D33A55}"
EndProject
Global
	GlobalSection(SolutionConfigurationPlatforms) = preSolution
		Debug|Any CPU = Debug|Any CPU
		Release|Any CPU = Release|Any CPU
	EndGlobalSection
	GlobalSection(ProjectConfigurationPlatforms) = postSolution
		{812DD99E-5EF4-7501-16FF-62D59B69DBBB}.Debug|Any CPU.ActiveCfg = Debug|Any CPU
		{812DD99E-5EF4-7501-16FF-62D59B69DBBB}.Debug|Any CPU.Build.0 = Debug|Any CPU
		{812DD99E-5EF4-7501-16FF-62D59B69DBBB}.Release|Any CPU.ActiveCfg = Release|Any CPU
		{812DD99E-5EF4-7501-16FF-62D59B69DBBB}.Release|Any CPU.Build.0 = Release|Any CPU
		{04C74560-7EAA-E9BA-2A78-56BFDE59975D}.Debug|Any CPU.ActiveCfg = Debug|Any CPU
		{04C74560-7EAA-E9BA-2A78-56BFDE59975D}.Debug|Any CPU.Build.0 = Debug|Any CPU
		{04C74560-7EAA-E9BA-2A78-56BFDE59975D}.Release|Any CPU.ActiveCfg = Release|Any CPU
		{04C74560-7EAA-E9BA-2A78-56BFDE59975D}.Release|Any CPU.Build.0 = Release|Any CPU
		{4A116490-F567-69AC-1378-4E6704D33A55}.Debug|Any CPU.ActiveCfg = Debug|Any CPU
		{4A116490-F567-69AC-1378-4E6704D33A55}.Debug|Any CPU.Build.0 = Debug|Any CPU
		{4A116490-F567-69AC-1378-4E6704D33A55}.Release|Any CPU.ActiveCfg = Release|Any CPU
		{4A116490-F567-69AC-1378-4E6704D33A55}.Release|Any CPU.Build.0 = Release|Any CPU
	EndGlobalSection
	GlobalSection(SolutionProperties) = preSolution
		HideSolutionNode = FALSE
	EndGlobalSection
	GlobalSection(MonoDevelopProperties) = preSolution
		StartupItem = Assembly-CSharp.csproj
	EndGlobalSection
EndGlobal
